// !$*UTF8*$!
{
	archiveVersion = 1;
	classes = {
	};
	objectVersion = 50;
	objects = {

/* Begin PBXBuildFile section */
		6D5E33D5214A65AD007E6A46 /* Helpers.swift in Sources */ = {isa = PBXBuildFile; fileRef = 6D5E33D4214A65AD007E6A46 /* Helpers.swift */; };
		6D5E33D6214A65BE007E6A46 /* Helpers.swift in Sources */ = {isa = PBXBuildFile; fileRef = 6D5E33D4214A65AD007E6A46 /* Helpers.swift */; };
		6D6D4102229E30C800EFA063 /* countries.json in Resources */ = {isa = PBXBuildFile; fileRef = 6D6D4101229E30C800EFA063 /* countries.json */; };
		6D6D4103229E313700EFA063 /* countries.json in Resources */ = {isa = PBXBuildFile; fileRef = 6D6D4101229E30C800EFA063 /* countries.json */; };
		6DA550A12148C6040008477E /* Localizable.strings in Resources */ = {isa = PBXBuildFile; fileRef = 6DA550892148C6040008477E /* Localizable.strings */; };
		6DA550A22148C6040008477E /* Media.xcassets in Resources */ = {isa = PBXBuildFile; fileRef = 6DA5508D2148C6040008477E /* Media.xcassets */; };
		6DA550B42148C6100008477E /* CountryPickerView.swift in Sources */ = {isa = PBXBuildFile; fileRef = 6DA550A42148C6100008477E /* CountryPickerView.swift */; };
		6DA550B52148C6100008477E /* Picker.swift in Sources */ = {isa = PBXBuildFile; fileRef = 6DA550A52148C6100008477E /* Picker.swift */; };
		6DA550B62148C6100008477E /* CountryResultsTableController.swift in Sources */ = {isa = PBXBuildFile; fileRef = 6DA550A62148C6100008477E /* CountryResultsTableController.swift */; };
		6DA550B72148C6100008477E /* UIImage+Scale.swift in Sources */ = {isa = PBXBuildFile; fileRef = 6DA550A72148C6100008477E /* UIImage+Scale.swift */; };
		6DA550B82148C6100008477E /* BaseCountryTableViewController.swift in Sources */ = {isa = PBXBuildFile; fileRef = 6DA550A82148C6100008477E /* BaseCountryTableViewController.swift */; };
		6DA550B92148C6100008477E /* CountryPickerViewController.swift in Sources */ = {isa = PBXBuildFile; fileRef = 6DA550A92148C6100008477E /* CountryPickerViewController.swift */; };
		6DA550BA2148C6100008477E /* CountryTextField.swift in Sources */ = {isa = PBXBuildFile; fileRef = 6DA550AA2148C6100008477E /* CountryTextField.swift */; };
		6DA550BB2148C6100008477E /* CountryCell.swift in Sources */ = {isa = PBXBuildFile; fileRef = 6DA550AB2148C6100008477E /* CountryCell.swift */; };
		6DA550BC2148C6100008477E /* CountryKit.swift in Sources */ = {isa = PBXBuildFile; fileRef = 6DA550AD2148C6100008477E /* CountryKit.swift */; };
		6DA550BD2148C6100008477E /* Enums.swift in Sources */ = {isa = PBXBuildFile; fileRef = 6DA550AE2148C6100008477E /* Enums.swift */; };
		6DA550BE2148C6100008477E /* Earth.swift in Sources */ = {isa = PBXBuildFile; fileRef = 6DA550AF2148C6100008477E /* Earth.swift */; };
		6DA550BF2148C6100008477E /* Country.swift in Sources */ = {isa = PBXBuildFile; fileRef = 6DA550B02148C6100008477E /* Country.swift */; };
		6DA550C22148C6100008477E /* Earth.h in Headers */ = {isa = PBXBuildFile; fileRef = 6DA550B32148C6100008477E /* Earth.h */; settings = {ATTRIBUTES = (Public, ); }; };
		6DA550C32148C6210008477E /* CountryKit.swift in Sources */ = {isa = PBXBuildFile; fileRef = 6DA550AD2148C6100008477E /* CountryKit.swift */; };
		6DA550C42148C6210008477E /* Enums.swift in Sources */ = {isa = PBXBuildFile; fileRef = 6DA550AE2148C6100008477E /* Enums.swift */; };
		6DA550C52148C6210008477E /* Earth.swift in Sources */ = {isa = PBXBuildFile; fileRef = 6DA550AF2148C6100008477E /* Earth.swift */; };
		6DA550C62148C6210008477E /* Country.swift in Sources */ = {isa = PBXBuildFile; fileRef = 6DA550B02148C6100008477E /* Country.swift */; };
		6DA550C82148C62A0008477E /* Localizable.strings in Resources */ = {isa = PBXBuildFile; fileRef = 6DA550892148C6040008477E /* Localizable.strings */; };
		6DA550C92148C62D0008477E /* Media.xcassets in Resources */ = {isa = PBXBuildFile; fileRef = 6DA5508D2148C6040008477E /* Media.xcassets */; };
		6DA550CA2148C69A0008477E /* Earth.h in Headers */ = {isa = PBXBuildFile; fileRef = 6DA550B32148C6100008477E /* Earth.h */; settings = {ATTRIBUTES = (Public, ); }; };
/* End PBXBuildFile section */

/* Begin PBXFileReference section */
		6D5E33D4214A65AD007E6A46 /* Helpers.swift */ = {isa = PBXFileReference; lastKnownFileType = sourcecode.swift; path = Helpers.swift; sourceTree = "<group>"; };
		6D6D4101229E30C800EFA063 /* countries.json */ = {isa = PBXFileReference; lastKnownFileType = text.json; path = countries.json; sourceTree = "<group>"; };
		6D91B83121E3A2FF00DE0E9E /* README.md */ = {isa = PBXFileReference; lastKnownFileType = net.daringfireball.markdown; path = README.md; sourceTree = "<group>"; };
		6DA5508A2148C6040008477E /* de */ = {isa = PBXFileReference; lastKnownFileType = text.plist.strings; name = de; path = de.lproj/Localizable.strings; sourceTree = "<group>"; };
		6DA5508B2148C6040008477E /* ar */ = {isa = PBXFileReference; lastKnownFileType = text.plist.strings; name = ar; path = ar.lproj/Localizable.strings; sourceTree = "<group>"; };
		6DA5508C2148C6040008477E /* el */ = {isa = PBXFileReference; lastKnownFileType = text.plist.strings; name = el; path = el.lproj/Localizable.strings; sourceTree = "<group>"; };
		6DA5508D2148C6040008477E /* Media.xcassets */ = {isa = PBXFileReference; lastKnownFileType = folder.assetcatalog; path = Media.xcassets; sourceTree = "<group>"; };
		6DA5508E2148C6040008477E /* zh-Hans */ = {isa = PBXFileReference; lastKnownFileType = text.plist.strings; name = "zh-Hans"; path = "zh-Hans.lproj/Localizable.strings"; sourceTree = "<group>"; };
		6DA5508F2148C6040008477E /* ja */ = {isa = PBXFileReference; lastKnownFileType = text.plist.strings; name = ja; path = ja.lproj/Localizable.strings; sourceTree = "<group>"; };
		6DA550902148C6040008477E /* en */ = {isa = PBXFileReference; lastKnownFileType = text.plist.strings; name = en; path = en.lproj/Localizable.strings; sourceTree = "<group>"; };
		6DA550912148C6040008477E /* uk */ = {isa = PBXFileReference; lastKnownFileType = text.plist.strings; name = uk; path = uk.lproj/Localizable.strings; sourceTree = "<group>"; };
		6DA550922148C6040008477E /* zh-HK */ = {isa = PBXFileReference; lastKnownFileType = text.plist.strings; name = "zh-HK"; path = "zh-HK.lproj/Localizable.strings"; sourceTree = "<group>"; };
		6DA550932148C6040008477E /* es */ = {isa = PBXFileReference; lastKnownFileType = text.plist.strings; name = es; path = es.lproj/Localizable.strings; sourceTree = "<group>"; };
		6DA550942148C6040008477E /* es-419 */ = {isa = PBXFileReference; lastKnownFileType = text.plist.strings; name = "es-419"; path = "es-419.lproj/Localizable.strings"; sourceTree = "<group>"; };
		6DA550952148C6040008477E /* it */ = {isa = PBXFileReference; lastKnownFileType = text.plist.strings; name = it; path = it.lproj/Localizable.strings; sourceTree = "<group>"; };
		6DA550962148C6040008477E /* fr-CA */ = {isa = PBXFileReference; lastKnownFileType = text.plist.strings; name = "fr-CA"; path = "fr-CA.lproj/Localizable.strings"; sourceTree = "<group>"; };
		6DA550972148C6040008477E /* sv */ = {isa = PBXFileReference; lastKnownFileType = text.plist.strings; name = sv; path = sv.lproj/Localizable.strings; sourceTree = "<group>"; };
		6DA550982148C6040008477E /* ko */ = {isa = PBXFileReference; lastKnownFileType = text.plist.strings; name = ko; path = ko.lproj/Localizable.strings; sourceTree = "<group>"; };
		6DA550992148C6040008477E /* zh-Hant */ = {isa = PBXFileReference; lastKnownFileType = text.plist.strings; name = "zh-Hant"; path = "zh-Hant.lproj/Localizable.strings"; sourceTree = "<group>"; };
		6DA5509A2148C6040008477E /* tr */ = {isa = PBXFileReference; lastKnownFileType = text.plist.strings; name = tr; path = tr.lproj/Localizable.strings; sourceTree = "<group>"; };
		6DA5509B2148C6040008477E /* ru */ = {isa = PBXFileReference; lastKnownFileType = text.plist.strings; name = ru; path = ru.lproj/Localizable.strings; sourceTree = "<group>"; };
		6DA5509C2148C6040008477E /* fr */ = {isa = PBXFileReference; lastKnownFileType = text.plist.strings; name = fr; path = fr.lproj/Localizable.strings; sourceTree = "<group>"; };
		6DA5509D2148C6040008477E /* fi */ = {isa = PBXFileReference; lastKnownFileType = text.plist.strings; name = fi; path = fi.lproj/Localizable.strings; sourceTree = "<group>"; };
		6DA5509E2148C6040008477E /* id */ = {isa = PBXFileReference; lastKnownFileType = text.plist.strings; name = id; path = id.lproj/Localizable.strings; sourceTree = "<group>"; };
		6DA5509F2148C6040008477E /* th */ = {isa = PBXFileReference; lastKnownFileType = text.plist.strings; name = th; path = th.lproj/Localizable.strings; sourceTree = "<group>"; };
		6DA550A02148C6040008477E /* ro */ = {isa = PBXFileReference; lastKnownFileType = text.plist.strings; name = ro; path = ro.lproj/Localizable.strings; sourceTree = "<group>"; };
		6DA550A42148C6100008477E /* CountryPickerView.swift */ = {isa = PBXFileReference; fileEncoding = 4; lastKnownFileType = sourcecode.swift; path = CountryPickerView.swift; sourceTree = "<group>"; };
		6DA550A52148C6100008477E /* Picker.swift */ = {isa = PBXFileReference; fileEncoding = 4; lastKnownFileType = sourcecode.swift; path = Picker.swift; sourceTree = "<group>"; };
		6DA550A62148C6100008477E /* CountryResultsTableController.swift */ = {isa = PBXFileReference; fileEncoding = 4; lastKnownFileType = sourcecode.swift; path = CountryResultsTableController.swift; sourceTree = "<group>"; };
		6DA550A72148C6100008477E /* UIImage+Scale.swift */ = {isa = PBXFileReference; fileEncoding = 4; lastKnownFileType = sourcecode.swift; path = "UIImage+Scale.swift"; sourceTree = "<group>"; };
		6DA550A82148C6100008477E /* BaseCountryTableViewController.swift */ = {isa = PBXFileReference; fileEncoding = 4; lastKnownFileType = sourcecode.swift; path = BaseCountryTableViewController.swift; sourceTree = "<group>"; };
		6DA550A92148C6100008477E /* CountryPickerViewController.swift */ = {isa = PBXFileReference; fileEncoding = 4; lastKnownFileType = sourcecode.swift; path = CountryPickerViewController.swift; sourceTree = "<group>"; };
		6DA550AA2148C6100008477E /* CountryTextField.swift */ = {isa = PBXFileReference; fileEncoding = 4; lastKnownFileType = sourcecode.swift; path = CountryTextField.swift; sourceTree = "<group>"; };
		6DA550AB2148C6100008477E /* CountryCell.swift */ = {isa = PBXFileReference; fileEncoding = 4; lastKnownFileType = sourcecode.swift; path = CountryCell.swift; sourceTree = "<group>"; };
		6DA550AD2148C6100008477E /* CountryKit.swift */ = {isa = PBXFileReference; fileEncoding = 4; lastKnownFileType = sourcecode.swift; path = CountryKit.swift; sourceTree = "<group>"; };
		6DA550AE2148C6100008477E /* Enums.swift */ = {isa = PBXFileReference; fileEncoding = 4; lastKnownFileType = sourcecode.swift; path = Enums.swift; sourceTree = "<group>"; };
		6DA550AF2148C6100008477E /* Earth.swift */ = {isa = PBXFileReference; fileEncoding = 4; lastKnownFileType = sourcecode.swift; path = Earth.swift; sourceTree = "<group>"; };
		6DA550B02148C6100008477E /* Country.swift */ = {isa = PBXFileReference; fileEncoding = 4; lastKnownFileType = sourcecode.swift; path = Country.swift; sourceTree = "<group>"; };
		6DA550B22148C6100008477E /* Info.plist */ = {isa = PBXFileReference; fileEncoding = 4; lastKnownFileType = text.plist.xml; name = Info.plist; path = Sources/Info.plist; sourceTree = "<group>"; };
		6DA550B32148C6100008477E /* Earth.h */ = {isa = PBXFileReference; fileEncoding = 4; lastKnownFileType = sourcecode.c.h; name = Earth.h; path = Sources/Earth.h; sourceTree = "<group>"; };
		6DAD76882148BC290026204B /* Earth.framework */ = {isa = PBXFileReference; explicitFileType = wrapper.framework; includeInIndex = 0; path = Earth.framework; sourceTree = BUILT_PRODUCTS_DIR; };
		6DAD76E82148C0180026204B /* Earth.framework */ = {isa = PBXFileReference; explicitFileType = wrapper.framework; includeInIndex = 0; path = Earth.framework; sourceTree = BUILT_PRODUCTS_DIR; };
/* End PBXFileReference section */

/* Begin PBXFrameworksBuildPhase section */
		6DAD76842148BC290026204B /* Frameworks */ = {
			isa = PBXFrameworksBuildPhase;
			buildActionMask = 2147483647;
			files = (
			);
			runOnlyForDeploymentPostprocessing = 0;
		};
		6DAD76DE2148C0180026204B /* Frameworks */ = {
			isa = PBXFrameworksBuildPhase;
			buildActionMask = 2147483647;
			files = (
			);
			runOnlyForDeploymentPostprocessing = 0;
		};
/* End PBXFrameworksBuildPhase section */

/* Begin PBXGroup section */
		6DA550872148C5EF0008477E /* Earth */ = {
			isa = PBXGroup;
			children = (
				6DA550AC2148C6100008477E /* Earth */,
				6DA550B32148C6100008477E /* Earth.h */,
				6DA550B22148C6100008477E /* Info.plist */,
				6DA550A32148C6100008477E /* ios */,
				6DA550882148C6040008477E /* Resources */,
			);
			name = Earth;
			sourceTree = "<group>";
		};
		6DA550882148C6040008477E /* Resources */ = {
			isa = PBXGroup;
			children = (
				6DA550892148C6040008477E /* Localizable.strings */,
				6DA5508D2148C6040008477E /* Media.xcassets */,
				6D6D4101229E30C800EFA063 /* countries.json */,
			);
			path = Resources;
			sourceTree = "<group>";
		};
		6DA550A32148C6100008477E /* ios */ = {
			isa = PBXGroup;
			children = (
				6DA550A42148C6100008477E /* CountryPickerView.swift */,
				6DA550A52148C6100008477E /* Picker.swift */,
				6DA550A72148C6100008477E /* UIImage+Scale.swift */,
				6DA550A82148C6100008477E /* BaseCountryTableViewController.swift */,
				6DA550A92148C6100008477E /* CountryPickerViewController.swift */,
				6DA550A62148C6100008477E /* CountryResultsTableController.swift */,
				6DA550AA2148C6100008477E /* CountryTextField.swift */,
				6DA550AB2148C6100008477E /* CountryCell.swift */,
			);
			name = ios;
			path = Sources/ios;
			sourceTree = "<group>";
		};
		6DA550AC2148C6100008477E /* Earth */ = {
			isa = PBXGroup;
			children = (
				6DA550AD2148C6100008477E /* CountryKit.swift */,
				6DA550AE2148C6100008477E /* Enums.swift */,
				6DA550AF2148C6100008477E /* Earth.swift */,
				6DA550B02148C6100008477E /* Country.swift */,
				6D5E33D4214A65AD007E6A46 /* Helpers.swift */,
			);
			name = Earth;
			path = Sources/Earth;
			sourceTree = "<group>";
		};
		6DAD767E2148BC290026204B = {
			isa = PBXGroup;
			children = (
				6D91B83121E3A2FF00DE0E9E /* README.md */,
				6DA550872148C5EF0008477E /* Earth */,
				6DAD76892148BC290026204B /* Products */,
			);
			sourceTree = "<group>";
		};
		6DAD76892148BC290026204B /* Products */ = {
			isa = PBXGroup;
			children = (
				6DAD76882148BC290026204B /* Earth.framework */,
				6DAD76E82148C0180026204B /* Earth.framework */,
			);
			name = Products;
			sourceTree = "<group>";
		};
/* End PBXGroup section */

/* Begin PBXHeadersBuildPhase section */
		6DAD76852148BC290026204B /* Headers */ = {
			isa = PBXHeadersBuildPhase;
			buildActionMask = 2147483647;
			files = (
				6DA550C22148C6100008477E /* Earth.h in Headers */,
			);
			runOnlyForDeploymentPostprocessing = 0;
		};
		6DAD76DF2148C0180026204B /* Headers */ = {
			isa = PBXHeadersBuildPhase;
			buildActionMask = 2147483647;
			files = (
				6DA550CA2148C69A0008477E /* Earth.h in Headers */,
			);
			runOnlyForDeploymentPostprocessing = 0;
		};
/* End PBXHeadersBuildPhase section */

/* Begin PBXNativeTarget section */
		6DAD76872148BC290026204B /* Earth-iOS */ = {
			isa = PBXNativeTarget;
			buildConfigurationList = 6DAD76902148BC290026204B /* Build configuration list for PBXNativeTarget "Earth-iOS" */;
			buildPhases = (
				6DAD76832148BC290026204B /* Sources */,
				6DAD76842148BC290026204B /* Frameworks */,
				6DAD76852148BC290026204B /* Headers */,
				6DAD76862148BC290026204B /* Resources */,
				6D6D4100229E22FD00EFA063 /* ShellScript */,
			);
			buildRules = (
			);
			dependencies = (
			);
			name = "Earth-iOS";
			productName = Earth;
			productReference = 6DAD76882148BC290026204B /* Earth.framework */;
			productType = "com.apple.product-type.framework";
		};
		6DAD76CF2148C0180026204B /* Earth-macOS */ = {
			isa = PBXNativeTarget;
			buildConfigurationList = 6DAD76E52148C0180026204B /* Build configuration list for PBXNativeTarget "Earth-macOS" */;
			buildPhases = (
				6DAD76D02148C0180026204B /* Sources */,
				6DAD76DE2148C0180026204B /* Frameworks */,
				6DAD76DF2148C0180026204B /* Headers */,
				6DAD76E12148C0180026204B /* Resources */,
			);
			buildRules = (
			);
			dependencies = (
			);
			name = "Earth-macOS";
			productName = Earth;
			productReference = 6DAD76E82148C0180026204B /* Earth.framework */;
			productType = "com.apple.product-type.framework";
		};
/* End PBXNativeTarget section */

/* Begin PBXProject section */
		6DAD767F2148BC290026204B /* Project object */ = {
			isa = PBXProject;
			attributes = {
				LastUpgradeCheck = 1010;
				ORGANIZATIONNAME = leacode;
				TargetAttributes = {
					6DAD76872148BC290026204B = {
						CreatedOnToolsVersion = 9.4.1;
						LastSwiftMigration = 1020;
					};
					6DAD76CF2148C0180026204B = {
						LastSwiftMigration = 1020;
					};
				};
			};
			buildConfigurationList = 6DAD76822148BC290026204B /* Build configuration list for PBXProject "Earth" */;
			compatibilityVersion = "Xcode 9.3";
			developmentRegion = en;
			hasScannedForEncodings = 0;
			knownRegions = (
				en,
				de,
				ar,
				el,
				"zh-Hans",
				ja,
				uk,
				"zh-HK",
				es,
				"es-419",
				it,
				"fr-CA",
				sv,
				ko,
				"zh-Hant",
				tr,
				ru,
				fr,
				fi,
				id,
				th,
				ro,
				Base,
			);
			mainGroup = 6DAD767E2148BC290026204B;
			productRefGroup = 6DAD76892148BC290026204B /* Products */;
			projectDirPath = "";
			projectRoot = "";
			targets = (
				6DAD76872148BC290026204B /* Earth-iOS */,
				6DAD76CF2148C0180026204B /* Earth-macOS */,
			);
		};
/* End PBXProject section */

/* Begin PBXResourcesBuildPhase section */
		6DAD76862148BC290026204B /* Resources */ = {
			isa = PBXResourcesBuildPhase;
			buildActionMask = 2147483647;
			files = (
				6D6D4102229E30C800EFA063 /* countries.json in Resources */,
				6DA550A22148C6040008477E /* Media.xcassets in Resources */,
				6DA550A12148C6040008477E /* Localizable.strings in Resources */,
			);
			runOnlyForDeploymentPostprocessing = 0;
		};
		6DAD76E12148C0180026204B /* Resources */ = {
			isa = PBXResourcesBuildPhase;
			buildActionMask = 2147483647;
			files = (
				6D6D4103229E313700EFA063 /* countries.json in Resources */,
				6DA550C92148C62D0008477E /* Media.xcassets in Resources */,
				6DA550C82148C62A0008477E /* Localizable.strings in Resources */,
			);
			runOnlyForDeploymentPostprocessing = 0;
		};
/* End PBXResourcesBuildPhase section */

/* Begin PBXShellScriptBuildPhase section */
		6D6D4100229E22FD00EFA063 /* ShellScript */ = {
			isa = PBXShellScriptBuildPhase;
			buildActionMask = 2147483647;
			files = (
			);
			inputFileListPaths = (
			);
			inputPaths = (
			);
			outputFileListPaths = (
			);
			outputPaths = (
			);
			runOnlyForDeploymentPostprocessing = 0;
			shellPath = /bin/sh;
			shellScript = "if which swiftlint >/dev/null; then\nswiftlint\nelse\necho \"warning: SwiftLint not installed, download from https://github.com/realm/SwiftLint\"\nfi\n";
		};
/* End PBXShellScriptBuildPhase section */

/* Begin PBXSourcesBuildPhase section */
		6DAD76832148BC290026204B /* Sources */ = {
			isa = PBXSourcesBuildPhase;
			buildActionMask = 2147483647;
			files = (
				6DA550BB2148C6100008477E /* CountryCell.swift in Sources */,
				6DA550B42148C6100008477E /* CountryPickerView.swift in Sources */,
				6DA550BD2148C6100008477E /* Enums.swift in Sources */,
				6DA550BC2148C6100008477E /* CountryKit.swift in Sources */,
				6DA550BF2148C6100008477E /* Country.swift in Sources */,
				6DA550BE2148C6100008477E /* Earth.swift in Sources */,
				6D5E33D5214A65AD007E6A46 /* Helpers.swift in Sources */,
				6DA550B52148C6100008477E /* Picker.swift in Sources */,
				6DA550B72148C6100008477E /* UIImage+Scale.swift in Sources */,
				6DA550B82148C6100008477E /* BaseCountryTableViewController.swift in Sources */,
				6DA550B62148C6100008477E /* CountryResultsTableController.swift in Sources */,
				6DA550BA2148C6100008477E /* CountryTextField.swift in Sources */,
				6DA550B92148C6100008477E /* CountryPickerViewController.swift in Sources */,
			);
			runOnlyForDeploymentPostprocessing = 0;
		};
		6DAD76D02148C0180026204B /* Sources */ = {
			isa = PBXSourcesBuildPhase;
			buildActionMask = 2147483647;
			files = (
				6DA550C62148C6210008477E /* Country.swift in Sources */,
				6DA550C42148C6210008477E /* Enums.swift in Sources */,
				6DA550C32148C6210008477E /* CountryKit.swift in Sources */,
				6D5E33D6214A65BE007E6A46 /* Helpers.swift in Sources */,
				6DA550C52148C6210008477E /* Earth.swift in Sources */,
			);
			runOnlyForDeploymentPostprocessing = 0;
		};
/* End PBXSourcesBuildPhase section */

/* Begin PBXVariantGroup section */
		6DA550892148C6040008477E /* Localizable.strings */ = {
			isa = PBXVariantGroup;
			children = (
				6DA5508A2148C6040008477E /* de */,
				6DA5508B2148C6040008477E /* ar */,
				6DA5508C2148C6040008477E /* el */,
				6DA5508E2148C6040008477E /* zh-Hans */,
				6DA5508F2148C6040008477E /* ja */,
				6DA550902148C6040008477E /* en */,
				6DA550912148C6040008477E /* uk */,
				6DA550922148C6040008477E /* zh-HK */,
				6DA550932148C6040008477E /* es */,
				6DA550942148C6040008477E /* es-419 */,
				6DA550952148C6040008477E /* it */,
				6DA550962148C6040008477E /* fr-CA */,
				6DA550972148C6040008477E /* sv */,
				6DA550982148C6040008477E /* ko */,
				6DA550992148C6040008477E /* zh-Hant */,
				6DA5509A2148C6040008477E /* tr */,
				6DA5509B2148C6040008477E /* ru */,
				6DA5509C2148C6040008477E /* fr */,
				6DA5509D2148C6040008477E /* fi */,
				6DA5509E2148C6040008477E /* id */,
				6DA5509F2148C6040008477E /* th */,
				6DA550A02148C6040008477E /* ro */,
			);
			name = Localizable.strings;
			sourceTree = "<group>";
		};
/* End PBXVariantGroup section */

/* Begin XCBuildConfiguration section */
		6DAD768E2148BC290026204B /* Debug */ = {
			isa = XCBuildConfiguration;
			buildSettings = {
				ALWAYS_SEARCH_USER_PATHS = NO;
				CLANG_ANALYZER_LOCALIZABILITY_NONLOCALIZED = YES;
				CLANG_ANALYZER_NONNULL = YES;
				CLANG_ANALYZER_NUMBER_OBJECT_CONVERSION = YES_AGGRESSIVE;
				CLANG_CXX_LANGUAGE_STANDARD = "gnu++14";
				CLANG_CXX_LIBRARY = "libc++";
				CLANG_ENABLE_MODULES = YES;
				CLANG_ENABLE_OBJC_ARC = YES;
				CLANG_ENABLE_OBJC_WEAK = YES;
				CLANG_WARN_BLOCK_CAPTURE_AUTORELEASING = YES;
				CLANG_WARN_BOOL_CONVERSION = YES;
				CLANG_WARN_COMMA = YES;
				CLANG_WARN_CONSTANT_CONVERSION = YES;
				CLANG_WARN_DEPRECATED_OBJC_IMPLEMENTATIONS = YES;
				CLANG_WARN_DIRECT_OBJC_ISA_USAGE = YES_ERROR;
				CLANG_WARN_DOCUMENTATION_COMMENTS = YES;
				CLANG_WARN_EMPTY_BODY = YES;
				CLANG_WARN_ENUM_CONVERSION = YES;
				CLANG_WARN_INFINITE_RECURSION = YES;
				CLANG_WARN_INT_CONVERSION = YES;
				CLANG_WARN_NON_LITERAL_NULL_CONVERSION = YES;
				CLANG_WARN_OBJC_IMPLICIT_RETAIN_SELF = YES;
				CLANG_WARN_OBJC_LITERAL_CONVERSION = YES;
				CLANG_WARN_OBJC_ROOT_CLASS = YES_ERROR;
				CLANG_WARN_RANGE_LOOP_ANALYSIS = YES;
				CLANG_WARN_STRICT_PROTOTYPES = YES;
				CLANG_WARN_SUSPICIOUS_MOVE = YES;
				CLANG_WARN_UNGUARDED_AVAILABILITY = YES_AGGRESSIVE;
				CLANG_WARN_UNREACHABLE_CODE = YES;
				CLANG_WARN__DUPLICATE_METHOD_MATCH = YES;
				CODE_SIGN_IDENTITY = "iPhone Developer";
				COPY_PHASE_STRIP = NO;
				CURRENT_PROJECT_VERSION = 1;
				DEBUG_INFORMATION_FORMAT = dwarf;
				ENABLE_STRICT_OBJC_MSGSEND = YES;
				ENABLE_TESTABILITY = YES;
				GCC_C_LANGUAGE_STANDARD = gnu11;
				GCC_DYNAMIC_NO_PIC = NO;
				GCC_NO_COMMON_BLOCKS = YES;
				GCC_OPTIMIZATION_LEVEL = 0;
				GCC_PREPROCESSOR_DEFINITIONS = (
					"DEBUG=1",
					"$(inherited)",
				);
				GCC_WARN_64_TO_32_BIT_CONVERSION = YES;
				GCC_WARN_ABOUT_RETURN_TYPE = YES_ERROR;
				GCC_WARN_UNDECLARED_SELECTOR = YES;
				GCC_WARN_UNINITIALIZED_AUTOS = YES_AGGRESSIVE;
				GCC_WARN_UNUSED_FUNCTION = YES;
				GCC_WARN_UNUSED_VARIABLE = YES;
				IPHONEOS_DEPLOYMENT_TARGET = 11.4;
				MTL_ENABLE_DEBUG_INFO = YES;
				ONLY_ACTIVE_ARCH = YES;
				SDKROOT = iphoneos;
				SWIFT_ACTIVE_COMPILATION_CONDITIONS = DEBUG;
				SWIFT_OPTIMIZATION_LEVEL = "-Onone";
				VERSIONING_SYSTEM = "apple-generic";
				VERSION_INFO_PREFIX = "";
			};
			name = Debug;
		};
		6DAD768F2148BC290026204B /* Release */ = {
			isa = XCBuildConfiguration;
			buildSettings = {
				ALWAYS_SEARCH_USER_PATHS = NO;
				CLANG_ANALYZER_LOCALIZABILITY_NONLOCALIZED = YES;
				CLANG_ANALYZER_NONNULL = YES;
				CLANG_ANALYZER_NUMBER_OBJECT_CONVERSION = YES_AGGRESSIVE;
				CLANG_CXX_LANGUAGE_STANDARD = "gnu++14";
				CLANG_CXX_LIBRARY = "libc++";
				CLANG_ENABLE_MODULES = YES;
				CLANG_ENABLE_OBJC_ARC = YES;
				CLANG_ENABLE_OBJC_WEAK = YES;
				CLANG_WARN_BLOCK_CAPTURE_AUTORELEASING = YES;
				CLANG_WARN_BOOL_CONVERSION = YES;
				CLANG_WARN_COMMA = YES;
				CLANG_WARN_CONSTANT_CONVERSION = YES;
				CLANG_WARN_DEPRECATED_OBJC_IMPLEMENTATIONS = YES;
				CLANG_WARN_DIRECT_OBJC_ISA_USAGE = YES_ERROR;
				CLANG_WARN_DOCUMENTATION_COMMENTS = YES;
				CLANG_WARN_EMPTY_BODY = YES;
				CLANG_WARN_ENUM_CONVERSION = YES;
				CLANG_WARN_INFINITE_RECURSION = YES;
				CLANG_WARN_INT_CONVERSION = YES;
				CLANG_WARN_NON_LITERAL_NULL_CONVERSION = YES;
				CLANG_WARN_OBJC_IMPLICIT_RETAIN_SELF = YES;
				CLANG_WARN_OBJC_LITERAL_CONVERSION = YES;
				CLANG_WARN_OBJC_ROOT_CLASS = YES_ERROR;
				CLANG_WARN_RANGE_LOOP_ANALYSIS = YES;
				CLANG_WARN_STRICT_PROTOTYPES = YES;
				CLANG_WARN_SUSPICIOUS_MOVE = YES;
				CLANG_WARN_UNGUARDED_AVAILABILITY = YES_AGGRESSIVE;
				CLANG_WARN_UNREACHABLE_CODE = YES;
				CLANG_WARN__DUPLICATE_METHOD_MATCH = YES;
				CODE_SIGN_IDENTITY = "iPhone Developer";
				COPY_PHASE_STRIP = NO;
				CURRENT_PROJECT_VERSION = 1;
				DEBUG_INFORMATION_FORMAT = "dwarf-with-dsym";
				ENABLE_NS_ASSERTIONS = NO;
				ENABLE_STRICT_OBJC_MSGSEND = YES;
				GCC_C_LANGUAGE_STANDARD = gnu11;
				GCC_NO_COMMON_BLOCKS = YES;
				GCC_WARN_64_TO_32_BIT_CONVERSION = YES;
				GCC_WARN_ABOUT_RETURN_TYPE = YES_ERROR;
				GCC_WARN_UNDECLARED_SELECTOR = YES;
				GCC_WARN_UNINITIALIZED_AUTOS = YES_AGGRESSIVE;
				GCC_WARN_UNUSED_FUNCTION = YES;
				GCC_WARN_UNUSED_VARIABLE = YES;
				IPHONEOS_DEPLOYMENT_TARGET = 11.4;
				MTL_ENABLE_DEBUG_INFO = NO;
				SDKROOT = iphoneos;
				SWIFT_COMPILATION_MODE = wholemodule;
				SWIFT_OPTIMIZATION_LEVEL = "-O";
				VALIDATE_PRODUCT = YES;
				VERSIONING_SYSTEM = "apple-generic";
				VERSION_INFO_PREFIX = "";
			};
			name = Release;
		};
		6DAD76912148BC290026204B /* Debug */ = {
			isa = XCBuildConfiguration;
			buildSettings = {
				CODE_SIGN_IDENTITY = "";
				CODE_SIGN_STYLE = Automatic;
				DEFINES_MODULE = YES;
				DEVELOPMENT_TEAM = Y85J467HQH;
				DYLIB_COMPATIBILITY_VERSION = 1;
				DYLIB_CURRENT_VERSION = 1;
				DYLIB_INSTALL_NAME_BASE = "@rpath";
				INFOPLIST_FILE = Sources/Info.plist;
				INSTALL_PATH = "$(LOCAL_LIBRARY_DIR)/Frameworks";
				IPHONEOS_DEPLOYMENT_TARGET = 8.0;
				LD_RUNPATH_SEARCH_PATHS = (
					"$(inherited)",
					"@executable_path/Frameworks",
					"@loader_path/Frameworks",
				);
				PRODUCT_BUNDLE_IDENTIFIER = com.leacode.Earth;
				PRODUCT_NAME = Earth;
				SKIP_INSTALL = YES;
				SWIFT_OBJC_INTERFACE_HEADER_NAME = "$(SWIFT_MODULE_NAME)-Swift.h";
				SWIFT_VERSION = 5.0;
				TARGETED_DEVICE_FAMILY = "1,2";
			};
			name = Debug;
		};
		6DAD76922148BC290026204B /* Release */ = {
			isa = XCBuildConfiguration;
			buildSettings = {
				CODE_SIGN_IDENTITY = "";
				CODE_SIGN_STYLE = Automatic;
				DEFINES_MODULE = YES;
				DEVELOPMENT_TEAM = Y85J467HQH;
				DYLIB_COMPATIBILITY_VERSION = 1;
				DYLIB_CURRENT_VERSION = 1;
				DYLIB_INSTALL_NAME_BASE = "@rpath";
				INFOPLIST_FILE = Sources/Info.plist;
				INSTALL_PATH = "$(LOCAL_LIBRARY_DIR)/Frameworks";
				IPHONEOS_DEPLOYMENT_TARGET = 8.0;
				LD_RUNPATH_SEARCH_PATHS = (
					"$(inherited)",
					"@executable_path/Frameworks",
					"@loader_path/Frameworks",
				);
				PRODUCT_BUNDLE_IDENTIFIER = com.leacode.Earth;
				PRODUCT_NAME = Earth;
				SKIP_INSTALL = YES;
				SWIFT_OBJC_INTERFACE_HEADER_NAME = "$(SWIFT_MODULE_NAME)-Swift.h";
				SWIFT_VERSION = 5.0;
				TARGETED_DEVICE_FAMILY = "1,2";
			};
			name = Release;
		};
		6DAD76E62148C0180026204B /* Debug */ = {
			isa = XCBuildConfiguration;
			buildSettings = {
				CODE_SIGN_IDENTITY = "";
				CODE_SIGN_STYLE = Automatic;
				DEFINES_MODULE = YES;
				DEVELOPMENT_TEAM = Y85J467HQH;
				DYLIB_COMPATIBILITY_VERSION = 1;
				DYLIB_CURRENT_VERSION = 1;
				DYLIB_INSTALL_NAME_BASE = "@rpath";
				INFOPLIST_FILE = Sources/Info.plist;
				INSTALL_PATH = "$(LOCAL_LIBRARY_DIR)/Frameworks";
				LD_RUNPATH_SEARCH_PATHS = (
					"$(inherited)",
					"@executable_path/Frameworks",
					"@loader_path/Frameworks",
				);
				MACOSX_DEPLOYMENT_TARGET = 10.10;
				PRODUCT_BUNDLE_IDENTIFIER = com.leacode.Earth;
				PRODUCT_NAME = Earth;
				SDKROOT = macosx;
				SKIP_INSTALL = YES;
				SUPPORTED_PLATFORMS = macosx;
				SWIFT_OBJC_INTERFACE_HEADER_NAME = "$(SWIFT_MODULE_NAME)-Swift.h";
				SWIFT_VERSION = 5.0;
				TARGETED_DEVICE_FAMILY = "1,2";
				VALID_ARCHS = "i386 x86_64";
			};
			name = Debug;
		};
		6DAD76E72148C0180026204B /* Release */ = {
			isa = XCBuildConfiguration;
			buildSettings = {
				CODE_SIGN_IDENTITY = "";
				CODE_SIGN_STYLE = Automatic;
				DEFINES_MODULE = YES;
				DEVELOPMENT_TEAM = Y85J467HQH;
				DYLIB_COMPATIBILITY_VERSION = 1;
				DYLIB_CURRENT_VERSION = 1;
				DYLIB_INSTALL_NAME_BASE = "@rpath";
				INFOPLIST_FILE = Sources/Info.plist;
				INSTALL_PATH = "$(LOCAL_LIBRARY_DIR)/Frameworks";
				LD_RUNPATH_SEARCH_PATHS = (
					"$(inherited)",
					"@executable_path/Frameworks",
					"@loader_path/Frameworks",
				);
				MACOSX_DEPLOYMENT_TARGET = 10.10;
				PRODUCT_BUNDLE_IDENTIFIER = com.leacode.Earth;
				PRODUCT_NAME = Earth;
				SDKROOT = macosx;
				SKIP_INSTALL = YES;
				SUPPORTED_PLATFORMS = macosx;
				SWIFT_OBJC_INTERFACE_HEADER_NAME = "$(SWIFT_MODULE_NAME)-Swift.h";
				SWIFT_VERSION = 5.0;
				TARGETED_DEVICE_FAMILY = "1,2";
				VALID_ARCHS = "i386 x86_64";
			};
			name = Release;
		};
/* End XCBuildConfiguration section */

/* Begin XCConfigurationList section */
		6DAD76822148BC290026204B /* Build configuration list for PBXProject "Earth" */ = {
			isa = XCConfigurationList;
			buildConfigurations = (
				6DAD768E2148BC290026204B /* Debug */,
				6DAD768F2148BC290026204B /* Release */,
			);
			defaultConfigurationIsVisible = 0;
			defaultConfigurationName = Release;
		};
		6DAD76902148BC290026204B /* Build configuration list for PBXNativeTarget "Earth-iOS" */ = {
			isa = XCConfigurationList;
			buildConfigurations = (
				6DAD76912148BC290026204B /* Debug */,
				6DAD76922148BC290026204B /* Release */,
			);
			defaultConfigurationIsVisible = 0;
			defaultConfigurationName = Release;
		};
		6DAD76E52148C0180026204B /* Build configuration list for PBXNativeTarget "Earth-macOS" */ = {
			isa = XCConfigurationList;
			buildConfigurations = (
				6DAD76E62148C0180026204B /* Debug */,
				6DAD76E72148C0180026204B /* Release */,
			);
			defaultConfigurationIsVisible = 0;
			defaultConfigurationName = Release;
		};
/* End XCConfigurationList section */
	};
	rootObject = 6DAD767F2148BC290026204B /* Project object */;
}
